
Microsoft Visual Studio Solution File, Format Version 12.00
# Visual Studio Version 17
VisualStudioVersion = 17.9.34728.123
MinimumVisualStudioVersion = 10.0.40219.1
Project("{9A19103F-16F7-4668-BE54-9A1E7A4F7556}") = "UDachyn_Dyploma", "UDachyn_Dyploma.csproj", "{733398BB-6095-46F6-9E1A-8E44283463F1}"
EndProject
Global
	GlobalSection(SolutionConfigurationPlatforms) = preSolution
		Debug|Any CPU = Debug|Any CPU
		Release|Any CPU = Release|Any CPU
	EndGlobalSection
	GlobalSection(ProjectConfigurationPlatforms) = postSolution
		{733398BB-6095-46F6-9E1A-8E44283463F1}.Debug|Any CPU.ActiveCfg = Debug|Any CPU
		{733398BB-6095-46F6-9E1A-8E44283463F1}.Debug|Any CPU.Build.0 = Debug|Any CPU
		{733398BB-6095-46F6-9E1A-8E44283463F1}.Release|Any CPU.ActiveCfg = Release|Any CPU
		{733398BB-6095-46F6-9E1A-8E44283463F1}.Release|Any CPU.Build.0 = Release|Any CPU
	EndGlobalSection
	GlobalSection(SolutionProperties) = preSolution
		HideSolutionNode = FALSE
	EndGlobalSection
	GlobalSection(ExtensibilityGlobals) = postSolution
		SolutionGuid = {02749190-1572-4709-AFBE-3F13C5C454F8}
	EndGlobalSection
EndGlobal
